
Microsoft Visual Studio Solution File, Format Version 12.00
# Visual Studio Version 17
VisualStudioVersion = 17.4.33205.214
MinimumVisualStudioVersion = 10.0.40219.1
Project("{FAE04EC0-301F-11D3-BF4B-00C04F79EFBC}") = "ReflectionDemoProject", "ReflectionDemoProject\ReflectionDemoProject.csproj", "{1C001728-D30A-477A-9134-E5C2F12E5F0D}"
EndProject
Project("{FAE04EC0-301F-11D3-BF4B-00C04F79EFBC}") = "AnnnotationDemo", "AnnnotationDemo\AnnnotationDemo.csproj", "{F434CBA5-376F-470C-A9F8-4BD46C081F9C}"
EndProject
Project("{FAE04EC0-301F-11D3-BF4B-00C04F79EFBC}") = "GarbageCollection", "GarbageCollection\GarbageCollection.csproj", "{7BFE47E7-2AF0-4B5F-82CD-FA3397495487}"
EndProject
Global
	GlobalSection(SolutionConfigurationPlatforms) = preSolution
		Debug|Any CPU = Debug|Any CPU
		Release|Any CPU = Release|Any CPU
	EndGlobalSection
	GlobalSection(ProjectConfigurationPlatforms) = postSolution
		{1C001728-D30A-477A-9134-E5C2F12E5F0D}.Debug|Any CPU.ActiveCfg = Debug|Any CPU
		{1C001728-D30A-477A-9134-E5C2F12E5F0D}.Debug|Any CPU.Build.0 = Debug|Any CPU
		{1C001728-D30A-477A-9134-E5C2F12E5F0D}.Release|Any CPU.ActiveCfg = Release|Any CPU
		{1C001728-D30A-477A-9134-E5C2F12E5F0D}.Release|Any CPU.Build.0 = Release|Any CPU
		{F434CBA5-376F-470C-A9F8-4BD46C081F9C}.Debug|Any CPU.ActiveCfg = Debug|Any CPU
		{F434CBA5-376F-470C-A9F8-4BD46C081F9C}.Debug|Any CPU.Build.0 = Debug|Any CPU
		{F434CBA5-376F-470C-A9F8-4BD46C081F9C}.Release|Any CPU.ActiveCfg = Release|Any CPU
		{F434CBA5-376F-470C-A9F8-4BD46C081F9C}.Release|Any CPU.Build.0 = Release|Any CPU
		{7BFE47E7-2AF0-4B5F-82CD-FA3397495487}.Debug|Any CPU.ActiveCfg = Debug|Any CPU
		{7BFE47E7-2AF0-4B5F-82CD-FA3397495487}.Debug|Any CPU.Build.0 = Debug|Any CPU
		{7BFE47E7-2AF0-4B5F-82CD-FA3397495487}.Release|Any CPU.ActiveCfg = Release|Any CPU
		{7BFE47E7-2AF0-4B5F-82CD-FA3397495487}.Release|Any CPU.Build.0 = Release|Any CPU
	EndGlobalSection
	GlobalSection(SolutionProperties) = preSolution
		HideSolutionNode = FALSE
	EndGlobalSection
	GlobalSection(ExtensibilityGlobals) = postSolution
		SolutionGuid = {74A7460B-C3BE-4D2A-A961-0752205EA3F4}
	EndGlobalSection
EndGlobal
